
Microsoft Visual Studio Solution File, Format Version 12.00
# Visual Studio 2013
VisualStudioVersion = 12.0.40629.0
MinimumVisualStudioVersion = 10.0.40219.1
Project("{FAE04EC0-301F-11D3-BF4B-00C04F79EFBC}") = "KnockoutEditableGrid", "KnockoutEditableGrid\KnockoutEditableGrid.csproj", "{4A8411BB-4A2A-402D-96B7-6D39B5C5C86F}"
EndProject
Global
	GlobalSection(SolutionConfigurationPlatforms) = preSolution
		Debug|Any CPU = Debug|Any CPU
		Release|Any CPU = Release|Any CPU
	EndGlobalSection
	GlobalSection(ProjectConfigurationPlatforms) = postSolution
		{4A8411BB-4A2A-402D-96B7-6D39B5C5C86F}.Debug|Any CPU.ActiveCfg = Debug|Any CPU
		{4A8411BB-4A2A-402D-96B7-6D39B5C5C86F}.Debug|Any CPU.Build.0 = Debug|Any CPU
		{4A8411BB-4A2A-402D-96B7-6D39B5C5C86F}.Release|Any CPU.ActiveCfg = Release|Any CPU
		{4A8411BB-4A2A-402D-96B7-6D39B5C5C86F}.Release|Any CPU.Build.0 = Release|Any CPU
	EndGlobalSection
	GlobalSection(SolutionProperties) = preSolution
		HideSolutionNode = FALSE
	EndGlobalSection
EndGlobal
